
Microsoft Visual Studio Solution File, Format Version 12.00
# Visual Studio Version 17
VisualStudioVersion = 17.8.34330.188
MinimumVisualStudioVersion = 10.0.40219.1
Project("{FAE04EC0-301F-11D3-BF4B-00C04F79EFBC}") = "WindowsFormsApp1", "WindowsFormsApp1\WindowsFormsApp1.csproj", "{525847A0-6AAB-4A05-941C-AB331123E9BC}"
EndProject
Global
	GlobalSection(SolutionConfigurationPlatforms) = preSolution
		Debug|Any CPU = Debug|Any CPU
		Release|Any CPU = Release|Any CPU
	EndGlobalSection
	GlobalSection(ProjectConfigurationPlatforms) = postSolution
		{525847A0-6AAB-4A05-941C-AB331123E9BC}.Debug|Any CPU.ActiveCfg = Debug|Any CPU
		{525847A0-6AAB-4A05-941C-AB331123E9BC}.Debug|Any CPU.Build.0 = Debug|Any CPU
		{525847A0-6AAB-4A05-941C-AB331123E9BC}.Release|Any CPU.ActiveCfg = Release|Any CPU
		{525847A0-6AAB-4A05-941C-AB331123E9BC}.Release|Any CPU.Build.0 = Release|Any CPU
	EndGlobalSection
	GlobalSection(SolutionProperties) = preSolution
		HideSolutionNode = FALSE
	EndGlobalSection
	GlobalSection(ExtensibilityGlobals) = postSolution
		SolutionGuid = {88ED2B10-F95E-4892-9FE2-5E6D2E4405C9}
	EndGlobalSection
EndGlobal
